
Microsoft Visual Studio Solution File, Format Version 12.00
# Visual Studio 14
VisualStudioVersion = 14.0.25420.1
MinimumVisualStudioVersion = 10.0.40219.1
Project("{FAE04EC0-301F-11D3-BF4B-00C04F79EFBC}") = "DUMP_zadatak01", "DUMP_predavanje01\DUMP_zadatak01.csproj", "{4D213531-F3D4-4ECA-A125-3204B0B15774}"
EndProject
Project("{FAE04EC0-301F-11D3-BF4B-00C04F79EFBC}") = "DUMP_zadatak02", "DUMP_zadtak02\DUMP_zadatak02.csproj", "{79A45816-B06B-4532-9799-5C717FDC3EF4}"
EndProject
Project("{FAE04EC0-301F-11D3-BF4B-00C04F79EFBC}") = "DUMP_zadatak03", "DUMP_zadatak03\DUMP_zadatak03.csproj", "{A4F78011-712E-4693-A8EC-83019E846926}"
EndProject
Project("{FAE04EC0-301F-11D3-BF4B-00C04F79EFBC}") = "DUMP_zadatak04", "DUMP_zadatak04\DUMP_zadatak04.csproj", "{33171A69-AD62-4B5A-A8D6-DCC940F84AFB}"
EndProject
Global
	GlobalSection(SolutionConfigurationPlatforms) = preSolution
		Debug|Any CPU = Debug|Any CPU
		Release|Any CPU = Release|Any CPU
	EndGlobalSection
	GlobalSection(ProjectConfigurationPlatforms) = postSolution
		{4D213531-F3D4-4ECA-A125-3204B0B15774}.Debug|Any CPU.ActiveCfg = Debug|Any CPU
		{4D213531-F3D4-4ECA-A125-3204B0B15774}.Debug|Any CPU.Build.0 = Debug|Any CPU
		{4D213531-F3D4-4ECA-A125-3204B0B15774}.Release|Any CPU.ActiveCfg = Release|Any CPU
		{4D213531-F3D4-4ECA-A125-3204B0B15774}.Release|Any CPU.Build.0 = Release|Any CPU
		{79A45816-B06B-4532-9799-5C717FDC3EF4}.Debug|Any CPU.ActiveCfg = Debug|Any CPU
		{79A45816-B06B-4532-9799-5C717FDC3EF4}.Debug|Any CPU.Build.0 = Debug|Any CPU
		{79A45816-B06B-4532-9799-5C717FDC3EF4}.Release|Any CPU.ActiveCfg = Release|Any CPU
		{79A45816-B06B-4532-9799-5C717FDC3EF4}.Release|Any CPU.Build.0 = Release|Any CPU
		{A4F78011-712E-4693-A8EC-83019E846926}.Debug|Any CPU.ActiveCfg = Debug|Any CPU
		{A4F78011-712E-4693-A8EC-83019E846926}.Debug|Any CPU.Build.0 = Debug|Any CPU
		{A4F78011-712E-4693-A8EC-83019E846926}.Release|Any CPU.ActiveCfg = Release|Any CPU
		{A4F78011-712E-4693-A8EC-83019E846926}.Release|Any CPU.Build.0 = Release|Any CPU
		{33171A69-AD62-4B5A-A8D6-DCC940F84AFB}.Debug|Any CPU.ActiveCfg = Debug|Any CPU
		{33171A69-AD62-4B5A-A8D6-DCC940F84AFB}.Debug|Any CPU.Build.0 = Debug|Any CPU
		{33171A69-AD62-4B5A-A8D6-DCC940F84AFB}.Release|Any CPU.ActiveCfg = Release|Any CPU
		{33171A69-AD62-4B5A-A8D6-DCC940F84AFB}.Release|Any CPU.Build.0 = Release|Any CPU
	EndGlobalSection
	GlobalSection(SolutionProperties) = preSolution
		HideSolutionNode = FALSE
	EndGlobalSection
EndGlobal
